
Microsoft Visual Studio Solution File, Format Version 12.00
# Visual Studio 15
VisualStudioVersion = 15.0.27004.2006
MinimumVisualStudioVersion = 10.0.40219.1
Project("{888888A0-9F3D-457C-B088-3A5042F75D52}") = "cve_subscribe", "cve_subscribe.pyproj", "{37B222D6-7B27-4813-BC8A-060F007FD1B0}"
EndProject
Global
	GlobalSection(SolutionConfigurationPlatforms) = preSolution
		Debug|Any CPU = Debug|Any CPU
		Release|Any CPU = Release|Any CPU
	EndGlobalSection
	GlobalSection(ProjectConfigurationPlatforms) = postSolution
		{37B222D6-7B27-4813-BC8A-060F007FD1B0}.Debug|Any CPU.ActiveCfg = Debug|Any CPU
		{37B222D6-7B27-4813-BC8A-060F007FD1B0}.Release|Any CPU.ActiveCfg = Release|Any CPU
	EndGlobalSection
	GlobalSection(SolutionProperties) = preSolution
		HideSolutionNode = FALSE
	EndGlobalSection
	GlobalSection(ExtensibilityGlobals) = postSolution
		SolutionGuid = {E69C68AE-14C0-4C99-A2CF-C13D6B20AF38}
	EndGlobalSection
EndGlobal
